
Microsoft Visual Studio Solution File, Format Version 12.00
# Visual Studio Version 17
VisualStudioVersion = 17.4.33122.133
MinimumVisualStudioVersion = 10.0.40219.1
Project("{888888A0-9F3D-457C-B088-3A5042F75D52}") = "aoc_2_2022", "aoc_2_2022\aoc_2_2022.pyproj", "{2D22DDFC-90AA-478C-9AE0-1CBCD0A22D64}"
EndProject
Global
	GlobalSection(SolutionConfigurationPlatforms) = preSolution
		Debug|Any CPU = Debug|Any CPU
		Release|Any CPU = Release|Any CPU
	EndGlobalSection
	GlobalSection(ProjectConfigurationPlatforms) = postSolution
		{2D22DDFC-90AA-478C-9AE0-1CBCD0A22D64}.Debug|Any CPU.ActiveCfg = Debug|Any CPU
		{2D22DDFC-90AA-478C-9AE0-1CBCD0A22D64}.Release|Any CPU.ActiveCfg = Release|Any CPU
	EndGlobalSection
	GlobalSection(SolutionProperties) = preSolution
		HideSolutionNode = FALSE
	EndGlobalSection
	GlobalSection(ExtensibilityGlobals) = postSolution
		SolutionGuid = {8E7730B2-F9F6-4D08-8783-DE6F20BF8C3B}
	EndGlobalSection
EndGlobal
