
Microsoft Visual Studio Solution File, Format Version 12.00
# Visual Studio Version 17
VisualStudioVersion = 17.4.33122.133
MinimumVisualStudioVersion = 10.0.40219.1
Project("{888888A0-9F3D-457C-B088-3A5042F75D52}") = "aoc_1_2022", "aoc_1_2022\aoc_1_2022.pyproj", "{B0E2C764-59AA-45E3-8AEA-C82BE7A6841D}"
EndProject
Global
	GlobalSection(SolutionConfigurationPlatforms) = preSolution
		Debug|Any CPU = Debug|Any CPU
		Release|Any CPU = Release|Any CPU
	EndGlobalSection
	GlobalSection(ProjectConfigurationPlatforms) = postSolution
		{B0E2C764-59AA-45E3-8AEA-C82BE7A6841D}.Debug|Any CPU.ActiveCfg = Debug|Any CPU
		{B0E2C764-59AA-45E3-8AEA-C82BE7A6841D}.Release|Any CPU.ActiveCfg = Release|Any CPU
	EndGlobalSection
	GlobalSection(SolutionProperties) = preSolution
		HideSolutionNode = FALSE
	EndGlobalSection
	GlobalSection(ExtensibilityGlobals) = postSolution
		SolutionGuid = {6DDF609D-91FD-48C0-929A-ABC15E4C95FB}
	EndGlobalSection
EndGlobal
